<?xml version="1.0" encoding="utf-8"?>
<Project ToolsVersion="4.0" xmlns="http://schemas.microsoft.com/developer/msbuild/2003">
  <ItemGroup>
    <Filter Include="來源檔案">
      <UniqueIdentifier>{4FC737F1-C7A5-4376-A066-2A32D752A2FF}</UniqueIdentifier>
      <Extensions>cpp;c;cc;cxx;c++;cppm;ixx;def;odl;idl;hpj;bat;asm;asmx</Extensions>
    </Filter>
    <Filter Include="標頭檔">
      <UniqueIdentifier>{93995380-89BD-4b04-88EB-625FBE52EBFB}</UniqueIdentifier>
      <Extensions>h;hh;hpp;hxx;h++;hm;inl;inc;ipp;xsd</Extensions>
    </Filter>
    <Filter Include="來源檔案\camera">
      <UniqueIdentifier>{a7395f8f-7635-4906-a97e-0461ec899356}</UniqueIdentifier>
    </Filter>
    <Filter Include="來源檔案\shape">
      <UniqueIdentifier>{d8b2e208-feee-43b2-ba13-7f8834d7cdb6}</UniqueIdentifier>
    </Filter>
    <Filter Include="標頭檔\camera">
      <UniqueIdentifier>{27788e96-290f-4e40-9008-3c7a51d62beb}</UniqueIdentifier>
    </Filter>
    <Filter Include="標頭檔\shape">
      <UniqueIdentifier>{196f6c0a-f203-4a81-b472-714a13a57674}</UniqueIdentifier>
    </Filter>
  </ItemGroup>
  <ItemGroup>
    <ClCompile Include="..\..\src\camera\camera.cpp">
      <Filter>來源檔案\camera</Filter>
    </ClCompile>
    <ClCompile Include="..\..\src\camera\quat_camera.cpp">
      <Filter>來源檔案\camera</Filter>
    </ClCompile>
    <ClCompile Include="..\..\src\context_manager.cpp">
      <Filter>來源檔案</Filter>
    </ClCompile>
    <ClCompile Include="..\..\src\main.cpp">
      <Filter>來源檔案</Filter>
    </ClCompile>
    <ClCompile Include="..\..\src\shape\cube.cpp">
      <Filter>來源檔案\shape</Filter>
    </ClCompile>
  </ItemGroup>
  <ItemGroup>
    <ClInclude Include="..\include\context_manager.h">
      <Filter>標頭檔</Filter>
    </ClInclude>
    <ClInclude Include="..\include\utils.h">
      <Filter>標頭檔</Filter>
    </ClInclude>
    <ClInclude Include="..\..\include\camera\camera.h">
      <Filter>標頭檔\camera</Filter>
    </ClInclude>
    <ClInclude Include="..\..\include\camera\quat_camera.h">
      <Filter>標頭檔\camera</Filter>
    </ClInclude>
    <ClInclude Include="..\..\include\shape\cube.h">
      <Filter>標頭檔\shape</Filter>
    </ClInclude>
    <ClInclude Include="..\..\include\shape\shape.h">
      <Filter>標頭檔\shape</Filter>
    </ClInclude>
  </ItemGroup>
</Project>